// !$*UTF8*$!
{
	archiveVersion = 1;
	classes = {
	};
	objectVersion = 50;
	objects = {

/* Begin PBXBuildFile section */
		03F42F722375D1F2007E079E /* AppDelegate.swift in Sources */ = {isa = PBXBuildFile; fileRef = 03F42F712375D1F2007E079E /* AppDelegate.swift */; };
		03F42F742375D1F2007E079E /* ViewController.swift in Sources */ = {isa = PBXBuildFile; fileRef = 03F42F732375D1F2007E079E /* ViewController.swift */; };
		03F42F772375D1F2007E079E /* Main.storyboard in Resources */ = {isa = PBXBuildFile; fileRef = 03F42F752375D1F2007E079E /* Main.storyboard */; };
		03F42F792375D1F6007E079E /* Assets.xcassets in Resources */ = {isa = PBXBuildFile; fileRef = 03F42F782375D1F6007E079E /* Assets.xcassets */; };
		03F42F7C2375D1F6007E079E /* LaunchScreen.storyboard in Resources */ = {isa = PBXBuildFile; fileRef = 03F42F7A2375D1F6007E079E /* LaunchScreen.storyboard */; };
		03F42F872375D1F7007E079E /* tippyTests.swift in Sources */ = {isa = PBXBuildFile; fileRef = 03F42F862375D1F7007E079E /* tippyTests.swift */; };
		03F42F922375D1F7007E079E /* tippyUITests.swift in Sources */ = {isa = PBXBuildFile; fileRef = 03F42F912375D1F7007E079E /* tippyUITests.swift */; };
/* End PBXBuildFile section */

/* Begin PBXContainerItemProxy section */
		03F42F832375D1F7007E079E /* PBXContainerItemProxy */ = {
			isa = PBXContainerItemProxy;
			containerPortal = 03F42F662375D1F2007E079E /* Project object */;
			proxyType = 1;
			remoteGlobalIDString = 03F42F6D2375D1F2007E079E;
			remoteInfo = tippy;
		};
		03F42F8E2375D1F7007E079E /* PBXContainerItemProxy */ = {
			isa = PBXContainerItemProxy;
			containerPortal = 03F42F662375D1F2007E079E /* Project object */;
			proxyType = 1;
			remoteGlobalIDString = 03F42F6D2375D1F2007E079E;
			remoteInfo = tippy;
		};
/* End PBXContainerItemProxy section */

/* Begin PBXFileReference section */
		03F42F6E2375D1F2007E079E /* tippy.app */ = {isa = PBXFileReference; explicitFileType = wrapper.application; includeInIndex = 0; path = tippy.app; sourceTree = BUILT_PRODUCTS_DIR; };
		03F42F712375D1F2007E079E /* AppDelegate.swift */ = {isa = PBXFileReference; lastKnownFileType = sourcecode.swift; path = AppDelegate.swift; sourceTree = "<group>"; };
		03F42F732375D1F2007E079E /* ViewController.swift */ = {isa = PBXFileReference; lastKnownFileType = sourcecode.swift; path = ViewController.swift; sourceTree = "<group>"; };
		03F42F762375D1F2007E079E /* Base */ = {isa = PBXFileReference; lastKnownFileType = file.storyboard; name = Base; path = Base.lproj/Main.storyboard; sourceTree = "<group>"; };
		03F42F782375D1F6007E079E /* Assets.xcassets */ = {isa = PBXFileReference; lastKnownFileType = folder.assetcatalog; path = Assets.xcassets; sourceTree = "<group>"; };
		03F42F7B2375D1F6007E079E /* Base */ = {isa = PBXFileReference; lastKnownFileType = file.storyboard; name = Base; path = Base.lproj/LaunchScreen.storyboard; sourceTree = "<group>"; };
		03F42F7D2375D1F6007E079E /* Info.plist */ = {isa = PBXFileReference; lastKnownFileType = text.plist.xml; path = Info.plist; sourceTree = "<group>"; };
		03F42F822375D1F7007E079E /* tippyTests.xctest */ = {isa = PBXFileReference; explicitFileType = wrapper.cfbundle; includeInIndex = 0; path = tippyTests.xctest; sourceTree = BUILT_PRODUCTS_DIR; };
		03F42F862375D1F7007E079E /* tippyTests.swift */ = {isa = PBXFileReference; lastKnownFileType = sourcecode.swift; path = tippyTests.swift; sourceTree = "<group>"; };
		03F42F882375D1F7007E079E /* Info.plist */ = {isa = PBXFileReference; lastKnownFileType = text.plist.xml; path = Info.plist; sourceTree = "<group>"; };
		03F42F8D2375D1F7007E079E /* tippyUITests.xctest */ = {isa = PBXFileReference; explicitFileType = wrapper.cfbundle; includeInIndex = 0; path = tippyUITests.xctest; sourceTree = BUILT_PRODUCTS_DIR; };
		03F42F912375D1F7007E079E /* tippyUITests.swift */ = {isa = PBXFileReference; lastKnownFileType = sourcecode.swift; path = tippyUITests.swift; sourceTree = "<group>"; };
		03F42F932375D1F7007E079E /* Info.plist */ = {isa = PBXFileReference; lastKnownFileType = text.plist.xml; path = Info.plist; sourceTree = "<group>"; };
/* End PBXFileReference section */

/* Begin PBXFrameworksBuildPhase section */
		03F42F6B2375D1F2007E079E /* Frameworks */ = {
			isa = PBXFrameworksBuildPhase;
			buildActionMask = 2147483647;
			files = (
			);
			runOnlyForDeploymentPostprocessing = 0;
		};
		03F42F7F2375D1F7007E079E /* Frameworks */ = {
			isa = PBXFrameworksBuildPhase;
			buildActionMask = 2147483647;
			files = (
			);
			runOnlyForDeploymentPostprocessing = 0;
		};
		03F42F8A2375D1F7007E079E /* Frameworks */ = {
			isa = PBXFrameworksBuildPhase;
			buildActionMask = 2147483647;
			files = (
			);
			runOnlyForDeploymentPostprocessing = 0;
		};
/* End PBXFrameworksBuildPhase section */

/* Begin PBXGroup section */
		03F42F652375D1F2007E079E = {
			isa = PBXGroup;
			children = (
				03F42F702375D1F2007E079E /* tippy */,
				03F42F852375D1F7007E079E /* tippyTests */,
				03F42F902375D1F7007E079E /* tippyUITests */,
				03F42F6F2375D1F2007E079E /* Products */,
			);
			sourceTree = "<group>";
		};
		03F42F6F2375D1F2007E079E /* Products */ = {
			isa = PBXGroup;
			children = (
				03F42F6E2375D1F2007E079E /* tippy.app */,
				03F42F822375D1F7007E079E /* tippyTests.xctest */,
				03F42F8D2375D1F7007E079E /* tippyUITests.xctest */,
			);
			name = Products;
			sourceTree = "<group>";
		};
		03F42F702375D1F2007E079E /* tippy */ = {
			isa = PBXGroup;
			children = (
				03F42F712375D1F2007E079E /* AppDelegate.swift */,
				03F42F732375D1F2007E079E /* ViewController.swift */,
				03F42F752375D1F2007E079E /* Main.storyboard */,
				03F42F782375D1F6007E079E /* Assets.xcassets */,
				03F42F7A2375D1F6007E079E /* LaunchScreen.storyboard */,
				03F42F7D2375D1F6007E079E /* Info.plist */,
			);
			path = tippy;
			sourceTree = "<group>";
		};
		03F42F852375D1F7007E079E /* tippyTests */ = {
			isa = PBXGroup;
			children = (
				03F42F862375D1F7007E079E /* tippyTests.swift */,
				03F42F882375D1F7007E079E /* Info.plist */,
			);
			path = tippyTests;
			sourceTree = "<group>";
		};
		03F42F902375D1F7007E079E /* tippyUITests */ = {
			isa = PBXGroup;
			children = (
				03F42F912375D1F7007E079E /* tippyUITests.swift */,
				03F42F932375D1F7007E079E /* Info.plist */,
			);
			path = tippyUITests;
			sourceTree = "<group>";
		};
/* End PBXGroup section */

/* Begin PBXNativeTarget section */
		03F42F6D2375D1F2007E079E /* tippy */ = {
			isa = PBXNativeTarget;
			buildConfigurationList = 03F42F962375D1F7007E079E /* Build configuration list for PBXNativeTarget "tippy" */;
			buildPhases = (
				03F42F6A2375D1F2007E079E /* Sources */,
				03F42F6B2375D1F2007E079E /* Frameworks */,
				03F42F6C2375D1F2007E079E /* Resources */,
			);
			buildRules = (
			);
			dependencies = (
			);
			name = tippy;
			productName = tippy;
			productReference = 03F42F6E2375D1F2007E079E /* tippy.app */;
			productType = "com.apple.product-type.application";
		};
		03F42F812375D1F7007E079E /* tippyTests */ = {
			isa = PBXNativeTarget;
			buildConfigurationList = 03F42F992375D1F7007E079E /* Build configuration list for PBXNativeTarget "tippyTests" */;
			buildPhases = (
				03F42F7E2375D1F7007E079E /* Sources */,
				03F42F7F2375D1F7007E079E /* Frameworks */,
				03F42F802375D1F7007E079E /* Resources */,
			);
			buildRules = (
			);
			dependencies = (
				03F42F842375D1F7007E079E /* PBXTargetDependency */,
			);
			name = tippyTests;
			productName = tippyTests;
			productReference = 03F42F822375D1F7007E079E /* tippyTests.xctest */;
			productType = "com.apple.product-type.bundle.unit-test";
		};
		03F42F8C2375D1F7007E079E /* tippyUITests */ = {
			isa = PBXNativeTarget;
			buildConfigurationList = 03F42F9C2375D1F7007E079E /* Build configuration list for PBXNativeTarget "tippyUITests" */;
			buildPhases = (
				03F42F892375D1F7007E079E /* Sources */,
				03F42F8A2375D1F7007E079E /* Frameworks */,
				03F42F8B2375D1F7007E079E /* Resources */,
			);
			buildRules = (
			);
			dependencies = (
				03F42F8F2375D1F7007E079E /* PBXTargetDependency */,
			);
			name = tippyUITests;
			productName = tippyUITests;
			productReference = 03F42F8D2375D1F7007E079E /* tippyUITests.xctest */;
			productType = "com.apple.product-type.bundle.ui-testing";
		};
/* End PBXNativeTarget section */

/* Begin PBXProject section */
		03F42F662375D1F2007E079E /* Project object */ = {
			isa = PBXProject;
			attributes = {
				LastSwiftUpdateCheck = 1000;
				LastUpgradeCheck = 1000;
				ORGANIZATIONNAME = Chukwurado;
				TargetAttributes = {
					03F42F6D2375D1F2007E079E = {
						CreatedOnToolsVersion = 10.0;
					};
					03F42F812375D1F7007E079E = {
						CreatedOnToolsVersion = 10.0;
						TestTargetID = 03F42F6D2375D1F2007E079E;
					};
					03F42F8C2375D1F7007E079E = {
						CreatedOnToolsVersion = 10.0;
						TestTargetID = 03F42F6D2375D1F2007E079E;
					};
				};
			};
			buildConfigurationList = 03F42F692375D1F2007E079E /* Build configuration list for PBXProject "tippy" */;
			compatibilityVersion = "Xcode 9.3";
			developmentRegion = en;
			hasScannedForEncodings = 0;
			knownRegions = (
				en,
				Base,
			);
			mainGroup = 03F42F652375D1F2007E079E;
			productRefGroup = 03F42F6F2375D1F2007E079E /* Products */;
			projectDirPath = "";
			projectRoot = "";
			targets = (
				03F42F6D2375D1F2007E079E /* tippy */,
				03F42F812375D1F7007E079E /* tippyTests */,
				03F42F8C2375D1F7007E079E /* tippyUITests */,
			);
		};
/* End PBXProject section */

/* Begin PBXResourcesBuildPhase section */
		03F42F6C2375D1F2007E079E /* Resources */ = {
			isa = PBXResourcesBuildPhase;
			buildActionMask = 2147483647;
			files = (
				03F42F7C2375D1F6007E079E /* LaunchScreen.storyboard in Resources */,
				03F42F792375D1F6007E079E /* Assets.xcassets in Resources */,
				03F42F772375D1F2007E079E /* Main.storyboard in Resources */,
			);
			runOnlyForDeploymentPostprocessing = 0;
		};
		03F42F802375D1F7007E079E /* Resources */ = {
			isa = PBXResourcesBuildPhase;
			buildActionMask = 2147483647;
			files = (
			);
			runOnlyForDeploymentPostprocessing = 0;
		};
		03F42F8B2375D1F7007E079E /* Resources */ = {
			isa = PBXResourcesBuildPhase;
			buildActionMask = 2147483647;
			files = (
			);
			runOnlyForDeploymentPostprocessing = 0;
		};
/* End PBXResourcesBuildPhase section */

/* Begin PBXSourcesBuildPhase section */
		03F42F6A2375D1F2007E079E /* Sources */ = {
			isa = PBXSourcesBuildPhase;
			buildActionMask = 2147483647;
			files = (
				03F42F742375D1F2007E079E /* ViewController.swift in Sources */,
				03F42F722375D1F2007E079E /* AppDelegate.swift in Sources */,
			);
			runOnlyForDeploymentPostprocessing = 0;
		};
		03F42F7E2375D1F7007E079E /* Sources */ = {
			isa = PBXSourcesBuildPhase;
			buildActionMask = 2147483647;
			files = (
				03F42F872375D1F7007E079E /* tippyTests.swift in Sources */,
			);
			runOnlyForDeploymentPostprocessing = 0;
		};
		03F42F892375D1F7007E079E /* Sources */ = {
			isa = PBXSourcesBuildPhase;
			buildActionMask = 2147483647;
			files = (
				03F42F922375D1F7007E079E /* tippyUITests.swift in Sources */,
			);
			runOnlyForDeploymentPostprocessing = 0;
		};
/* End PBXSourcesBuildPhase section */

/* Begin PBXTargetDependency section */
		03F42F842375D1F7007E079E /* PBXTargetDependency */ = {
			isa = PBXTargetDependency;
			target = 03F42F6D2375D1F2007E079E /* tippy */;
			targetProxy = 03F42F832375D1F7007E079E /* PBXContainerItemProxy */;
		};
		03F42F8F2375D1F7007E079E /* PBXTargetDependency */ = {
			isa = PBXTargetDependency;
			target = 03F42F6D2375D1F2007E079E /* tippy */;
			targetProxy = 03F42F8E2375D1F7007E079E /* PBXContainerItemProxy */;
		};
/* End PBXTargetDependency section */

/* Begin PBXVariantGroup section */
		03F42F752375D1F2007E079E /* Main.storyboard */ = {
			isa = PBXVariantGroup;
			children = (
				03F42F762375D1F2007E079E /* Base */,
			);
			name = Main.storyboard;
			sourceTree = "<group>";
		};
		03F42F7A2375D1F6007E079E /* LaunchScreen.storyboard */ = {
			isa = PBXVariantGroup;
			children = (
				03F42F7B2375D1F6007E079E /* Base */,
			);
			name = LaunchScreen.storyboard;
			sourceTree = "<group>";
		};
/* End PBXVariantGroup section */

/* Begin XCBuildConfiguration section */
		03F42F942375D1F7007E079E /* Debug */ = {
			isa = XCBuildConfiguration;
			buildSettings = {
				ALWAYS_SEARCH_USER_PATHS = NO;
				CLANG_ANALYZER_NONNULL = YES;
				CLANG_ANALYZER_NUMBER_OBJECT_CONVERSION = YES_AGGRESSIVE;
				CLANG_CXX_LANGUAGE_STANDARD = "gnu++14";
				CLANG_CXX_LIBRARY = "libc++";
				CLANG_ENABLE_MODULES = YES;
				CLANG_ENABLE_OBJC_ARC = YES;
				CLANG_ENABLE_OBJC_WEAK = YES;
				CLANG_WARN_BLOCK_CAPTURE_AUTORELEASING = YES;
				CLANG_WARN_BOOL_CONVERSION = YES;
				CLANG_WARN_COMMA = YES;
				CLANG_WARN_CONSTANT_CONVERSION = YES;
				CLANG_WARN_DEPRECATED_OBJC_IMPLEMENTATIONS = YES;
				CLANG_WARN_DIRECT_OBJC_ISA_USAGE = YES_ERROR;
				CLANG_WARN_DOCUMENTATION_COMMENTS = YES;
				CLANG_WARN_EMPTY_BODY = YES;
				CLANG_WARN_ENUM_CONVERSION = YES;
				CLANG_WARN_INFINITE_RECURSION = YES;
				CLANG_WARN_INT_CONVERSION = YES;
				CLANG_WARN_NON_LITERAL_NULL_CONVERSION = YES;
				CLANG_WARN_OBJC_IMPLICIT_RETAIN_SELF = YES;
				CLANG_WARN_OBJC_LITERAL_CONVERSION = YES;
				CLANG_WARN_OBJC_ROOT_CLASS = YES_ERROR;
				CLANG_WARN_RANGE_LOOP_ANALYSIS = YES;
				CLANG_WARN_STRICT_PROTOTYPES = YES;
				CLANG_WARN_SUSPICIOUS_MOVE = YES;
				CLANG_WARN_UNGUARDED_AVAILABILITY = YES_AGGRESSIVE;
				CLANG_WARN_UNREACHABLE_CODE = YES;
				CLANG_WARN__DUPLICATE_METHOD_MATCH = YES;
				CODE_SIGN_IDENTITY = "iPhone Developer";
				COPY_PHASE_STRIP = NO;
				DEBUG_INFORMATION_FORMAT = dwarf;
				ENABLE_STRICT_OBJC_MSGSEND = YES;
				ENABLE_TESTABILITY = YES;
				GCC_C_LANGUAGE_STANDARD = gnu11;
				GCC_DYNAMIC_NO_PIC = NO;
				GCC_NO_COMMON_BLOCKS = YES;
				GCC_OPTIMIZATION_LEVEL = 0;
				GCC_PREPROCESSOR_DEFINITIONS = (
					"DEBUG=1",
					"$(inherited)",
				);
				GCC_WARN_64_TO_32_BIT_CONVERSION = YES;
				GCC_WARN_ABOUT_RETURN_TYPE = YES_ERROR;
				GCC_WARN_UNDECLARED_SELECTOR = YES;
				GCC_WARN_UNINITIALIZED_AUTOS = YES_AGGRESSIVE;
				GCC_WARN_UNUSED_FUNCTION = YES;
				GCC_WARN_UNUSED_VARIABLE = YES;
				IPHONEOS_DEPLOYMENT_TARGET = 12.0;
				MTL_ENABLE_DEBUG_INFO = INCLUDE_SOURCE;
				MTL_FAST_MATH = YES;
				ONLY_ACTIVE_ARCH = YES;
				SDKROOT = iphoneos;
				SWIFT_ACTIVE_COMPILATION_CONDITIONS = DEBUG;
				SWIFT_OPTIMIZATION_LEVEL = "-Onone";
			};
			name = Debug;
		};
		03F42F952375D1F7007E079E /* Release */ = {
			isa = XCBuildConfiguration;
			buildSettings = {
				ALWAYS_SEARCH_USER_PATHS = NO;
				CLANG_ANALYZER_NONNULL = YES;
				CLANG_ANALYZER_NUMBER_OBJECT_CONVERSION = YES_AGGRESSIVE;
				CLANG_CXX_LANGUAGE_STANDARD = "gnu++14";
				CLANG_CXX_LIBRARY = "libc++";
				CLANG_ENABLE_MODULES = YES;
				CLANG_ENABLE_OBJC_ARC = YES;
				CLANG_ENABLE_OBJC_WEAK = YES;
				CLANG_WARN_BLOCK_CAPTURE_AUTORELEASING = YES;
				CLANG_WARN_BOOL_CONVERSION = YES;
				CLANG_WARN_COMMA = YES;
				CLANG_WARN_CONSTANT_CONVERSION = YES;
				CLANG_WARN_DEPRECATED_OBJC_IMPLEMENTATIONS = YES;
				CLANG_WARN_DIRECT_OBJC_ISA_USAGE = YES_ERROR;
				CLANG_WARN_DOCUMENTATION_COMMENTS = YES;
				CLANG_WARN_EMPTY_BODY = YES;
				CLANG_WARN_ENUM_CONVERSION = YES;
				CLANG_WARN_INFINITE_RECURSION = YES;
				CLANG_WARN_INT_CONVERSION = YES;
				CLANG_WARN_NON_LITERAL_NULL_CONVERSION = YES;
				CLANG_WARN_OBJC_IMPLICIT_RETAIN_SELF = YES;
				CLANG_WARN_OBJC_LITERAL_CONVERSION = YES;
				CLANG_WARN_OBJC_ROOT_CLASS = YES_ERROR;
				CLANG_WARN_RANGE_LOOP_ANALYSIS = YES;
				CLANG_WARN_STRICT_PROTOTYPES = YES;
				CLANG_WARN_SUSPICIOUS_MOVE = YES;
				CLANG_WARN_UNGUARDED_AVAILABILITY = YES_AGGRESSIVE;
				CLANG_WARN_UNREACHABLE_CODE = YES;
				CLANG_WARN__DUPLICATE_METHOD_MATCH = YES;
				CODE_SIGN_IDENTITY = "iPhone Developer";
				COPY_PHASE_STRIP = NO;
				DEBUG_INFORMATION_FORMAT = "dwarf-with-dsym";
				ENABLE_NS_ASSERTIONS = NO;
				ENABLE_STRICT_OBJC_MSGSEND = YES;
				GCC_C_LANGUAGE_STANDARD = gnu11;
				GCC_NO_COMMON_BLOCKS = YES;
				GCC_WARN_64_TO_32_BIT_CONVERSION = YES;
				GCC_WARN_ABOUT_RETURN_TYPE = YES_ERROR;
				GCC_WARN_UNDECLARED_SELECTOR = YES;
				GCC_WARN_UNINITIALIZED_AUTOS = YES_AGGRESSIVE;
				GCC_WARN_UNUSED_FUNCTION = YES;
				GCC_WARN_UNUSED_VARIABLE = YES;
				IPHONEOS_DEPLOYMENT_TARGET = 12.0;
				MTL_ENABLE_DEBUG_INFO = NO;
				MTL_FAST_MATH = YES;
				SDKROOT = iphoneos;
				SWIFT_COMPILATION_MODE = wholemodule;
				SWIFT_OPTIMIZATION_LEVEL = "-O";
				VALIDATE_PRODUCT = YES;
			};
			name = Release;
		};
		03F42F972375D1F7007E079E /* Debug */ = {
			isa = XCBuildConfiguration;
			buildSettings = {
				ASSETCATALOG_COMPILER_APPICON_NAME = AppIcon;
				CODE_SIGN_STYLE = Manual;
				DEVELOPMENT_TEAM = "";
				INFOPLIST_FILE = tippy/Info.plist;
				LD_RUNPATH_SEARCH_PATHS = (
					"$(inherited)",
					"@executable_path/Frameworks",
				);
				PRODUCT_BUNDLE_IDENTIFIER = com.codepath.tippy;
				PRODUCT_NAME = "$(TARGET_NAME)";
				PROVISIONING_PROFILE_SPECIFIER = "";
				SWIFT_VERSION = 4.2;
				TARGETED_DEVICE_FAMILY = "1,2";
			};
			name = Debug;
		};
		03F42F982375D1F7007E079E /* Release */ = {
			isa = XCBuildConfiguration;
			buildSettings = {
				ASSETCATALOG_COMPILER_APPICON_NAME = AppIcon;
				CODE_SIGN_STYLE = Manual;
				DEVELOPMENT_TEAM = "";
				INFOPLIST_FILE = tippy/Info.plist;
				LD_RUNPATH_SEARCH_PATHS = (
					"$(inherited)",
					"@executable_path/Frameworks",
				);
				PRODUCT_BUNDLE_IDENTIFIER = com.codepath.tippy;
				PRODUCT_NAME = "$(TARGET_NAME)";
				PROVISIONING_PROFILE_SPECIFIER = "";
				SWIFT_VERSION = 4.2;
				TARGETED_DEVICE_FAMILY = "1,2";
			};
			name = Release;
		};
		03F42F9A2375D1F7007E079E /* Debug */ = {
			isa = XCBuildConfiguration;
			buildSettings = {
				ALWAYS_EMBED_SWIFT_STANDARD_LIBRARIES = YES;
				BUNDLE_LOADER = "$(TEST_HOST)";
				CODE_SIGN_STYLE = Automatic;
				DEVELOPMENT_TEAM = Z95J55769N;
				INFOPLIST_FILE = tippyTests/Info.plist;
				LD_RUNPATH_SEARCH_PATHS = (
					"$(inherited)",
					"@executable_path/Frameworks",
					"@loader_path/Frameworks",
				);
				PRODUCT_BUNDLE_IDENTIFIER = com.codepath.tippyTests;
				PRODUCT_NAME = "$(TARGET_NAME)";
				SWIFT_VERSION = 4.2;
				TARGETED_DEVICE_FAMILY = "1,2";
				TEST_HOST = "$(BUILT_PRODUCTS_DIR)/tippy.app/tippy";
			};
			name = Debug;
		};
		03F42F9B2375D1F7007E079E /* Release */ = {
			isa = XCBuildConfiguration;
			buildSettings = {
				ALWAYS_EMBED_SWIFT_STANDARD_LIBRARIES = YES;
				BUNDLE_LOADER = "$(TEST_HOST)";
				CODE_SIGN_STYLE = Automatic;
				DEVELOPMENT_TEAM = Z95J55769N;
				INFOPLIST_FILE = tippyTests/Info.plist;
				LD_RUNPATH_SEARCH_PATHS = (
					"$(inherited)",
					"@executable_path/Frameworks",
					"@loader_path/Frameworks",
				);
				PRODUCT_BUNDLE_IDENTIFIER = com.codepath.tippyTests;
				PRODUCT_NAME = "$(TARGET_NAME)";
				SWIFT_VERSION = 4.2;
				TARGETED_DEVICE_FAMILY = "1,2";
				TEST_HOST = "$(BUILT_PRODUCTS_DIR)/tippy.app/tippy";
			};
			name = Release;
		};
		03F42F9D2375D1F7007E079E /* Debug */ = {
			isa = XCBuildConfiguration;
			buildSettings = {
				ALWAYS_EMBED_SWIFT_STANDARD_LIBRARIES = YES;
				CODE_SIGN_STYLE = Automatic;
				DEVELOPMENT_TEAM = Z95J55769N;
				INFOPLIST_FILE = tippyUITests/Info.plist;
				LD_RUNPATH_SEARCH_PATHS = (
					"$(inherited)",
					"@executable_path/Frameworks",
					"@loader_path/Frameworks",
				);
				PRODUCT_BUNDLE_IDENTIFIER = com.codepath.tippyUITests;
				PRODUCT_NAME = "$(TARGET_NAME)";
				SWIFT_VERSION = 4.2;
				TARGETED_DEVICE_FAMILY = "1,2";
				TEST_TARGET_NAME = tippy;
			};
			name = Debug;
		};
		03F42F9E2375D1F7007E079E /* Release */ = {
			isa = XCBuildConfiguration;
			buildSettings = {
				ALWAYS_EMBED_SWIFT_STANDARD_LIBRARIES = YES;
				CODE_SIGN_STYLE = Automatic;
				DEVELOPMENT_TEAM = Z95J55769N;
				INFOPLIST_FILE = tippyUITests/Info.plist;
				LD_RUNPATH_SEARCH_PATHS = (
					"$(inherited)",
					"@executable_path/Frameworks",
					"@loader_path/Frameworks",
				);
				PRODUCT_BUNDLE_IDENTIFIER = com.codepath.tippyUITests;
				PRODUCT_NAME = "$(TARGET_NAME)";
				SWIFT_VERSION = 4.2;
				TARGETED_DEVICE_FAMILY = "1,2";
				TEST_TARGET_NAME = tippy;
			};
			name = Release;
		};
/* End XCBuildConfiguration section */

/* Begin XCConfigurationList section */
		03F42F692375D1F2007E079E /* Build configuration list for PBXProject "tippy" */ = {
			isa = XCConfigurationList;
			buildConfigurations = (
				03F42F942375D1F7007E079E /* Debug */,
				03F42F952375D1F7007E079E /* Release */,
			);
			defaultConfigurationIsVisible = 0;
			defaultConfigurationName = Release;
		};
		03F42F962375D1F7007E079E /* Build configuration list for PBXNativeTarget "tippy" */ = {
			isa = XCConfigurationList;
			buildConfigurations = (
				03F42F972375D1F7007E079E /* Debug */,
				03F42F982375D1F7007E079E /* Release */,
			);
			defaultConfigurationIsVisible = 0;
			defaultConfigurationName = Release;
		};
		03F42F992375D1F7007E079E /* Build configuration list for PBXNativeTarget "tippyTests" */ = {
			isa = XCConfigurationList;
			buildConfigurations = (
				03F42F9A2375D1F7007E079E /* Debug */,
				03F42F9B2375D1F7007E079E /* Release */,
			);
			defaultConfigurationIsVisible = 0;
			defaultConfigurationName = Release;
		};
		03F42F9C2375D1F7007E079E /* Build configuration list for PBXNativeTarget "tippyUITests" */ = {
			isa = XCConfigurationList;
			buildConfigurations = (
				03F42F9D2375D1F7007E079E /* Debug */,
				03F42F9E2375D1F7007E079E /* Release */,
			);
			defaultConfigurationIsVisible = 0;
			defaultConfigurationName = Release;
		};
/* End XCConfigurationList section */
	};
	rootObject = 03F42F662375D1F2007E079E /* Project object */;
}
